
Microsoft Visual Studio Solution File, Format Version 12.00
# Visual Studio Version 16
VisualStudioVersion = 16.0.30225.117
MinimumVisualStudioVersion = 10.0.40219.1
Project("{FAE04EC0-301F-11D3-BF4B-00C04F79EFBC}") = "LandmarkAI", "LandmarkAI\LandmarkAI.csproj", "{037A392A-61CC-4D6E-8D37-2486C9F15532}"
EndProject
Global
	GlobalSection(SolutionConfigurationPlatforms) = preSolution
		Debug|Any CPU = Debug|Any CPU
		Release|Any CPU = Release|Any CPU
	EndGlobalSection
	GlobalSection(ProjectConfigurationPlatforms) = postSolution
		{037A392A-61CC-4D6E-8D37-2486C9F15532}.Debug|Any CPU.ActiveCfg = Debug|Any CPU
		{037A392A-61CC-4D6E-8D37-2486C9F15532}.Debug|Any CPU.Build.0 = Debug|Any CPU
		{037A392A-61CC-4D6E-8D37-2486C9F15532}.Release|Any CPU.ActiveCfg = Release|Any CPU
		{037A392A-61CC-4D6E-8D37-2486C9F15532}.Release|Any CPU.Build.0 = Release|Any CPU
	EndGlobalSection
	GlobalSection(SolutionProperties) = preSolution
		HideSolutionNode = FALSE
	EndGlobalSection
	GlobalSection(ExtensibilityGlobals) = postSolution
		SolutionGuid = {65F1C3FF-9924-41F3-89CE-B54CB62843AA}
	EndGlobalSection
EndGlobal
